
Microsoft Visual Studio Solution File, Format Version 12.00
# Visual Studio Version 17
VisualStudioVersion = 17.4.33122.133
MinimumVisualStudioVersion = 10.0.40219.1
Project("{FAE04EC0-301F-11D3-BF4B-00C04F79EFBC}") = "Sudoko", "Sudoko\Sudoko.csproj", "{3AF90710-2A70-4E2D-BE88-E4837717BBF5}"
EndProject
Global
	GlobalSection(SolutionConfigurationPlatforms) = preSolution
		Debug|Any CPU = Debug|Any CPU
		Release|Any CPU = Release|Any CPU
	EndGlobalSection
	GlobalSection(ProjectConfigurationPlatforms) = postSolution
		{3AF90710-2A70-4E2D-BE88-E4837717BBF5}.Debug|Any CPU.ActiveCfg = Debug|Any CPU
		{3AF90710-2A70-4E2D-BE88-E4837717BBF5}.Debug|Any CPU.Build.0 = Debug|Any CPU
		{3AF90710-2A70-4E2D-BE88-E4837717BBF5}.Release|Any CPU.ActiveCfg = Release|Any CPU
		{3AF90710-2A70-4E2D-BE88-E4837717BBF5}.Release|Any CPU.Build.0 = Release|Any CPU
	EndGlobalSection
	GlobalSection(SolutionProperties) = preSolution
		HideSolutionNode = FALSE
	EndGlobalSection
	GlobalSection(ExtensibilityGlobals) = postSolution
		SolutionGuid = {A0181FED-6AFF-4752-9942-A1450627D391}
	EndGlobalSection
EndGlobal
